// !$*UTF8*$!
{
	archiveVersion = 1;
	classes = {
	};
	objectVersion = 46;
	objects = {

/* Begin PBXBuildFile section */
		B12F03CF19995BB10071975B /* Foundation.framework in Frameworks */ = {isa = PBXBuildFile; fileRef = B12F03CE19995BB10071975B /* Foundation.framework */; };
		B12F03D119995BB10071975B /* CoreGraphics.framework in Frameworks */ = {isa = PBXBuildFile; fileRef = B12F03D019995BB10071975B /* CoreGraphics.framework */; };
		B12F03D319995BB10071975B /* UIKit.framework in Frameworks */ = {isa = PBXBuildFile; fileRef = B12F03D219995BB10071975B /* UIKit.framework */; };
		B12F03D919995BB10071975B /* InfoPlist.strings in Resources */ = {isa = PBXBuildFile; fileRef = B12F03D719995BB10071975B /* InfoPlist.strings */; };
		B12F03DB19995BB10071975B /* main.m in Sources */ = {isa = PBXBuildFile; fileRef = B12F03DA19995BB10071975B /* main.m */; };
		B12F03DF19995BB10071975B /* AppDelegate.m in Sources */ = {isa = PBXBuildFile; fileRef = B12F03DE19995BB10071975B /* AppDelegate.m */; };
		B12F03E219995BB10071975B /* Main.storyboard in Resources */ = {isa = PBXBuildFile; fileRef = B12F03E019995BB10071975B /* Main.storyboard */; };
		B12F03E519995BB10071975B /* ViewController.m in Sources */ = {isa = PBXBuildFile; fileRef = B12F03E419995BB10071975B /* ViewController.m */; };
		B12F03E719995BB10071975B /* Images.xcassets in Resources */ = {isa = PBXBuildFile; fileRef = B12F03E619995BB10071975B /* Images.xcassets */; };
		B12F03EE19995BB10071975B /* XCTest.framework in Frameworks */ = {isa = PBXBuildFile; fileRef = B12F03ED19995BB10071975B /* XCTest.framework */; };
		B12F03EF19995BB10071975B /* Foundation.framework in Frameworks */ = {isa = PBXBuildFile; fileRef = B12F03CE19995BB10071975B /* Foundation.framework */; };
		B12F03F019995BB10071975B /* UIKit.framework in Frameworks */ = {isa = PBXBuildFile; fileRef = B12F03D219995BB10071975B /* UIKit.framework */; };
		B12F03F819995BB10071975B /* InfoPlist.strings in Resources */ = {isa = PBXBuildFile; fileRef = B12F03F619995BB10071975B /* InfoPlist.strings */; };
		B12F03FA19995BB10071975B /* FavoritePhotosTests.m in Sources */ = {isa = PBXBuildFile; fileRef = B12F03F919995BB10071975B /* FavoritePhotosTests.m */; };
		B12F040519995DEC0071975B /* FlickrPhotoCell.m in Sources */ = {isa = PBXBuildFile; fileRef = B12F040419995DEC0071975B /* FlickrPhotoCell.m */; };
		B12F04081999952D0071975B /* FavoritePhotosViewController.m in Sources */ = {isa = PBXBuildFile; fileRef = B12F04071999952D0071975B /* FavoritePhotosViewController.m */; };
		B12F040E199A61FA0071975B /* FavoritePhotoCell.m in Sources */ = {isa = PBXBuildFile; fileRef = B12F040D199A61FA0071975B /* FavoritePhotoCell.m */; };
/* End PBXBuildFile section */

/* Begin PBXContainerItemProxy section */
		B12F03F119995BB10071975B /* PBXContainerItemProxy */ = {
			isa = PBXContainerItemProxy;
			containerPortal = B12F03C319995BB10071975B /* Project object */;
			proxyType = 1;
			remoteGlobalIDString = B12F03CA19995BB10071975B;
			remoteInfo = FavoritePhotos;
		};
/* End PBXContainerItemProxy section */

/* Begin PBXFileReference section */
		B12F03CB19995BB10071975B /* FavoritePhotos.app */ = {isa = PBXFileReference; explicitFileType = wrapper.application; includeInIndex = 0; path = FavoritePhotos.app; sourceTree = BUILT_PRODUCTS_DIR; };
		B12F03CE19995BB10071975B /* Foundation.framework */ = {isa = PBXFileReference; lastKnownFileType = wrapper.framework; name = Foundation.framework; path = System/Library/Frameworks/Foundation.framework; sourceTree = SDKROOT; };
		B12F03D019995BB10071975B /* CoreGraphics.framework */ = {isa = PBXFileReference; lastKnownFileType = wrapper.framework; name = CoreGraphics.framework; path = System/Library/Frameworks/CoreGraphics.framework; sourceTree = SDKROOT; };
		B12F03D219995BB10071975B /* UIKit.framework */ = {isa = PBXFileReference; lastKnownFileType = wrapper.framework; name = UIKit.framework; path = System/Library/Frameworks/UIKit.framework; sourceTree = SDKROOT; };
		B12F03D619995BB10071975B /* FavoritePhotos-Info.plist */ = {isa = PBXFileReference; lastKnownFileType = text.plist.xml; path = "FavoritePhotos-Info.plist"; sourceTree = "<group>"; };
		B12F03D819995BB10071975B /* en */ = {isa = PBXFileReference; lastKnownFileType = text.plist.strings; name = en; path = en.lproj/InfoPlist.strings; sourceTree = "<group>"; };
		B12F03DA19995BB10071975B /* main.m */ = {isa = PBXFileReference; lastKnownFileType = sourcecode.c.objc; path = main.m; sourceTree = "<group>"; };
		B12F03DC19995BB10071975B /* FavoritePhotos-Prefix.pch */ = {isa = PBXFileReference; lastKnownFileType = sourcecode.c.h; path = "FavoritePhotos-Prefix.pch"; sourceTree = "<group>"; };
		B12F03DD19995BB10071975B /* AppDelegate.h */ = {isa = PBXFileReference; lastKnownFileType = sourcecode.c.h; path = AppDelegate.h; sourceTree = "<group>"; };
		B12F03DE19995BB10071975B /* AppDelegate.m */ = {isa = PBXFileReference; lastKnownFileType = sourcecode.c.objc; path = AppDelegate.m; sourceTree = "<group>"; };
		B12F03E119995BB10071975B /* Base */ = {isa = PBXFileReference; lastKnownFileType = file.storyboard; name = Base; path = Base.lproj/Main.storyboard; sourceTree = "<group>"; };
		B12F03E319995BB10071975B /* ViewController.h */ = {isa = PBXFileReference; lastKnownFileType = sourcecode.c.h; path = ViewController.h; sourceTree = "<group>"; };
		B12F03E419995BB10071975B /* ViewController.m */ = {isa = PBXFileReference; lastKnownFileType = sourcecode.c.objc; path = ViewController.m; sourceTree = "<group>"; };
		B12F03E619995BB10071975B /* Images.xcassets */ = {isa = PBXFileReference; lastKnownFileType = folder.assetcatalog; path = Images.xcassets; sourceTree = "<group>"; };
		B12F03EC19995BB10071975B /* FavoritePhotosTests.xctest */ = {isa = PBXFileReference; explicitFileType = wrapper.cfbundle; includeInIndex = 0; path = FavoritePhotosTests.xctest; sourceTree = BUILT_PRODUCTS_DIR; };
		B12F03ED19995BB10071975B /* XCTest.framework */ = {isa = PBXFileReference; lastKnownFileType = wrapper.framework; name = XCTest.framework; path = Library/Frameworks/XCTest.framework; sourceTree = DEVELOPER_DIR; };
		B12F03F519995BB10071975B /* FavoritePhotosTests-Info.plist */ = {isa = PBXFileReference; lastKnownFileType = text.plist.xml; path = "FavoritePhotosTests-Info.plist"; sourceTree = "<group>"; };
		B12F03F719995BB10071975B /* en */ = {isa = PBXFileReference; lastKnownFileType = text.plist.strings; name = en; path = en.lproj/InfoPlist.strings; sourceTree = "<group>"; };
		B12F03F919995BB10071975B /* FavoritePhotosTests.m */ = {isa = PBXFileReference; lastKnownFileType = sourcecode.c.objc; path = FavoritePhotosTests.m; sourceTree = "<group>"; };
		B12F040319995DEC0071975B /* FlickrPhotoCell.h */ = {isa = PBXFileReference; fileEncoding = 4; lastKnownFileType = sourcecode.c.h; path = FlickrPhotoCell.h; sourceTree = "<group>"; };
		B12F040419995DEC0071975B /* FlickrPhotoCell.m */ = {isa = PBXFileReference; fileEncoding = 4; lastKnownFileType = sourcecode.c.objc; path = FlickrPhotoCell.m; sourceTree = "<group>"; };
		B12F04061999952D0071975B /* FavoritePhotosViewController.h */ = {isa = PBXFileReference; fileEncoding = 4; lastKnownFileType = sourcecode.c.h; path = FavoritePhotosViewController.h; sourceTree = "<group>"; };
		B12F04071999952D0071975B /* FavoritePhotosViewController.m */ = {isa = PBXFileReference; fileEncoding = 4; lastKnownFileType = sourcecode.c.objc; path = FavoritePhotosViewController.m; sourceTree = "<group>"; };
		B12F040C199A61FA0071975B /* FavoritePhotoCell.h */ = {isa = PBXFileReference; fileEncoding = 4; lastKnownFileType = sourcecode.c.h; path = FavoritePhotoCell.h; sourceTree = "<group>"; };
		B12F040D199A61FA0071975B /* FavoritePhotoCell.m */ = {isa = PBXFileReference; fileEncoding = 4; lastKnownFileType = sourcecode.c.objc; path = FavoritePhotoCell.m; sourceTree = "<group>"; };
/* End PBXFileReference section */

/* Begin PBXFrameworksBuildPhase section */
		B12F03C819995BB10071975B /* Frameworks */ = {
			isa = PBXFrameworksBuildPhase;
			buildActionMask = 2147483647;
			files = (
				B12F03D119995BB10071975B /* CoreGraphics.framework in Frameworks */,
				B12F03D319995BB10071975B /* UIKit.framework in Frameworks */,
				B12F03CF19995BB10071975B /* Foundation.framework in Frameworks */,
			);
			runOnlyForDeploymentPostprocessing = 0;
		};
		B12F03E919995BB10071975B /* Frameworks */ = {
			isa = PBXFrameworksBuildPhase;
			buildActionMask = 2147483647;
			files = (
				B12F03EE19995BB10071975B /* XCTest.framework in Frameworks */,
				B12F03F019995BB10071975B /* UIKit.framework in Frameworks */,
				B12F03EF19995BB10071975B /* Foundation.framework in Frameworks */,
			);
			runOnlyForDeploymentPostprocessing = 0;
		};
/* End PBXFrameworksBuildPhase section */

/* Begin PBXGroup section */
		B12F03C219995BB10071975B = {
			isa = PBXGroup;
			children = (
				B12F03D419995BB10071975B /* FavoritePhotos */,
				B12F03F319995BB10071975B /* FavoritePhotosTests */,
				B12F03CD19995BB10071975B /* Frameworks */,
				B12F03CC19995BB10071975B /* Products */,
			);
			sourceTree = "<group>";
		};
		B12F03CC19995BB10071975B /* Products */ = {
			isa = PBXGroup;
			children = (
				B12F03CB19995BB10071975B /* FavoritePhotos.app */,
				B12F03EC19995BB10071975B /* FavoritePhotosTests.xctest */,
			);
			name = Products;
			sourceTree = "<group>";
		};
		B12F03CD19995BB10071975B /* Frameworks */ = {
			isa = PBXGroup;
			children = (
				B12F03CE19995BB10071975B /* Foundation.framework */,
				B12F03D019995BB10071975B /* CoreGraphics.framework */,
				B12F03D219995BB10071975B /* UIKit.framework */,
				B12F03ED19995BB10071975B /* XCTest.framework */,
			);
			name = Frameworks;
			sourceTree = "<group>";
		};
		B12F03D419995BB10071975B /* FavoritePhotos */ = {
			isa = PBXGroup;
			children = (
				B12F03DD19995BB10071975B /* AppDelegate.h */,
				B12F03DE19995BB10071975B /* AppDelegate.m */,
				B12F03E019995BB10071975B /* Main.storyboard */,
				B12F04061999952D0071975B /* FavoritePhotosViewController.h */,
				B12F04071999952D0071975B /* FavoritePhotosViewController.m */,
				B12F03E319995BB10071975B /* ViewController.h */,
				B12F03E419995BB10071975B /* ViewController.m */,
				B12F040319995DEC0071975B /* FlickrPhotoCell.h */,
				B12F040419995DEC0071975B /* FlickrPhotoCell.m */,
				B12F040C199A61FA0071975B /* FavoritePhotoCell.h */,
				B12F040D199A61FA0071975B /* FavoritePhotoCell.m */,
				B12F03E619995BB10071975B /* Images.xcassets */,
				B12F03D519995BB10071975B /* Supporting Files */,
			);
			path = FavoritePhotos;
			sourceTree = "<group>";
		};
		B12F03D519995BB10071975B /* Supporting Files */ = {
			isa = PBXGroup;
			children = (
				B12F03D619995BB10071975B /* FavoritePhotos-Info.plist */,
				B12F03D719995BB10071975B /* InfoPlist.strings */,
				B12F03DA19995BB10071975B /* main.m */,
				B12F03DC19995BB10071975B /* FavoritePhotos-Prefix.pch */,
			);
			name = "Supporting Files";
			sourceTree = "<group>";
		};
		B12F03F319995BB10071975B /* FavoritePhotosTests */ = {
			isa = PBXGroup;
			children = (
				B12F03F919995BB10071975B /* FavoritePhotosTests.m */,
				B12F03F419995BB10071975B /* Supporting Files */,
			);
			path = FavoritePhotosTests;
			sourceTree = "<group>";
		};
		B12F03F419995BB10071975B /* Supporting Files */ = {
			isa = PBXGroup;
			children = (
				B12F03F519995BB10071975B /* FavoritePhotosTests-Info.plist */,
				B12F03F619995BB10071975B /* InfoPlist.strings */,
			);
			name = "Supporting Files";
			sourceTree = "<group>";
		};
/* End PBXGroup section */

/* Begin PBXNativeTarget section */
		B12F03CA19995BB10071975B /* FavoritePhotos */ = {
			isa = PBXNativeTarget;
			buildConfigurationList = B12F03FD19995BB10071975B /* Build configuration list for PBXNativeTarget "FavoritePhotos" */;
			buildPhases = (
				B12F03C719995BB10071975B /* Sources */,
				B12F03C819995BB10071975B /* Frameworks */,
				B12F03C919995BB10071975B /* Resources */,
			);
			buildRules = (
			);
			dependencies = (
			);
			name = FavoritePhotos;
			productName = FavoritePhotos;
			productReference = B12F03CB19995BB10071975B /* FavoritePhotos.app */;
			productType = "com.apple.product-type.application";
		};
		B12F03EB19995BB10071975B /* FavoritePhotosTests */ = {
			isa = PBXNativeTarget;
			buildConfigurationList = B12F040019995BB10071975B /* Build configuration list for PBXNativeTarget "FavoritePhotosTests" */;
			buildPhases = (
				B12F03E819995BB10071975B /* Sources */,
				B12F03E919995BB10071975B /* Frameworks */,
				B12F03EA19995BB10071975B /* Resources */,
			);
			buildRules = (
			);
			dependencies = (
				B12F03F219995BB10071975B /* PBXTargetDependency */,
			);
			name = FavoritePhotosTests;
			productName = FavoritePhotosTests;
			productReference = B12F03EC19995BB10071975B /* FavoritePhotosTests.xctest */;
			productType = "com.apple.product-type.bundle.unit-test";
		};
/* End PBXNativeTarget section */

/* Begin PBXProject section */
		B12F03C319995BB10071975B /* Project object */ = {
			isa = PBXProject;
			attributes = {
				LastUpgradeCheck = 0510;
				ORGANIZATIONNAME = "Chris Snyder";
				TargetAttributes = {
					B12F03EB19995BB10071975B = {
						TestTargetID = B12F03CA19995BB10071975B;
					};
				};
			};
			buildConfigurationList = B12F03C619995BB10071975B /* Build configuration list for PBXProject "FavoritePhotos" */;
			compatibilityVersion = "Xcode 3.2";
			developmentRegion = English;
			hasScannedForEncodings = 0;
			knownRegions = (
				en,
				Base,
			);
			mainGroup = B12F03C219995BB10071975B;
			productRefGroup = B12F03CC19995BB10071975B /* Products */;
			projectDirPath = "";
			projectRoot = "";
			targets = (
				B12F03CA19995BB10071975B /* FavoritePhotos */,
				B12F03EB19995BB10071975B /* FavoritePhotosTests */,
			);
		};
/* End PBXProject section */

/* Begin PBXResourcesBuildPhase section */
		B12F03C919995BB10071975B /* Resources */ = {
			isa = PBXResourcesBuildPhase;
			buildActionMask = 2147483647;
			files = (
				B12F03E719995BB10071975B /* Images.xcassets in Resources */,
				B12F03D919995BB10071975B /* InfoPlist.strings in Resources */,
				B12F03E219995BB10071975B /* Main.storyboard in Resources */,
			);
			runOnlyForDeploymentPostprocessing = 0;
		};
		B12F03EA19995BB10071975B /* Resources */ = {
			isa = PBXResourcesBuildPhase;
			buildActionMask = 2147483647;
			files = (
				B12F03F819995BB10071975B /* InfoPlist.strings in Resources */,
			);
			runOnlyForDeploymentPostprocessing = 0;
		};
/* End PBXResourcesBuildPhase section */

/* Begin PBXSourcesBuildPhase section */
		B12F03C719995BB10071975B /* Sources */ = {
			isa = PBXSourcesBuildPhase;
			buildActionMask = 2147483647;
			files = (
				B12F04081999952D0071975B /* FavoritePhotosViewController.m in Sources */,
				B12F03E519995BB10071975B /* ViewController.m in Sources */,
				B12F040E199A61FA0071975B /* FavoritePhotoCell.m in Sources */,
				B12F040519995DEC0071975B /* FlickrPhotoCell.m in Sources */,
				B12F03DF19995BB10071975B /* AppDelegate.m in Sources */,
				B12F03DB19995BB10071975B /* main.m in Sources */,
			);
			runOnlyForDeploymentPostprocessing = 0;
		};
		B12F03E819995BB10071975B /* Sources */ = {
			isa = PBXSourcesBuildPhase;
			buildActionMask = 2147483647;
			files = (
				B12F03FA19995BB10071975B /* FavoritePhotosTests.m in Sources */,
			);
			runOnlyForDeploymentPostprocessing = 0;
		};
/* End PBXSourcesBuildPhase section */

/* Begin PBXTargetDependency section */
		B12F03F219995BB10071975B /* PBXTargetDependency */ = {
			isa = PBXTargetDependency;
			target = B12F03CA19995BB10071975B /* FavoritePhotos */;
			targetProxy = B12F03F119995BB10071975B /* PBXContainerItemProxy */;
		};
/* End PBXTargetDependency section */

/* Begin PBXVariantGroup section */
		B12F03D719995BB10071975B /* InfoPlist.strings */ = {
			isa = PBXVariantGroup;
			children = (
				B12F03D819995BB10071975B /* en */,
			);
			name = InfoPlist.strings;
			sourceTree = "<group>";
		};
		B12F03E019995BB10071975B /* Main.storyboard */ = {
			isa = PBXVariantGroup;
			children = (
				B12F03E119995BB10071975B /* Base */,
			);
			name = Main.storyboard;
			sourceTree = "<group>";
		};
		B12F03F619995BB10071975B /* InfoPlist.strings */ = {
			isa = PBXVariantGroup;
			children = (
				B12F03F719995BB10071975B /* en */,
			);
			name = InfoPlist.strings;
			sourceTree = "<group>";
		};
/* End PBXVariantGroup section */

/* Begin XCBuildConfiguration section */
		B12F03FB19995BB10071975B /* Debug */ = {
			isa = XCBuildConfiguration;
			buildSettings = {
				ALWAYS_SEARCH_USER_PATHS = NO;
				CLANG_CXX_LANGUAGE_STANDARD = "gnu++0x";
				CLANG_CXX_LIBRARY = "libc++";
				CLANG_ENABLE_MODULES = YES;
				CLANG_ENABLE_OBJC_ARC = YES;
				CLANG_WARN_BOOL_CONVERSION = YES;
				CLANG_WARN_CONSTANT_CONVERSION = YES;
				CLANG_WARN_DIRECT_OBJC_ISA_USAGE = YES_ERROR;
				CLANG_WARN_EMPTY_BODY = YES;
				CLANG_WARN_ENUM_CONVERSION = YES;
				CLANG_WARN_INT_CONVERSION = YES;
				CLANG_WARN_OBJC_ROOT_CLASS = YES_ERROR;
				CLANG_WARN__DUPLICATE_METHOD_MATCH = YES;
				"CODE_SIGN_IDENTITY[sdk=iphoneos*]" = "iPhone Developer";
				COPY_PHASE_STRIP = NO;
				GCC_C_LANGUAGE_STANDARD = gnu99;
				GCC_DYNAMIC_NO_PIC = NO;
				GCC_OPTIMIZATION_LEVEL = 0;
				GCC_PREPROCESSOR_DEFINITIONS = (
					"DEBUG=1",
					"$(inherited)",
				);
				GCC_SYMBOLS_PRIVATE_EXTERN = NO;
				GCC_WARN_64_TO_32_BIT_CONVERSION = YES;
				GCC_WARN_ABOUT_RETURN_TYPE = YES_ERROR;
				GCC_WARN_UNDECLARED_SELECTOR = YES;
				GCC_WARN_UNINITIALIZED_AUTOS = YES_AGGRESSIVE;
				GCC_WARN_UNUSED_FUNCTION = YES;
				GCC_WARN_UNUSED_VARIABLE = YES;
				IPHONEOS_DEPLOYMENT_TARGET = 7.1;
				ONLY_ACTIVE_ARCH = YES;
				SDKROOT = iphoneos;
			};
			name = Debug;
		};
		B12F03FC19995BB10071975B /* Release */ = {
			isa = XCBuildConfiguration;
			buildSettings = {
				ALWAYS_SEARCH_USER_PATHS = NO;
				CLANG_CXX_LANGUAGE_STANDARD = "gnu++0x";
				CLANG_CXX_LIBRARY = "libc++";
				CLANG_ENABLE_MODULES = YES;
				CLANG_ENABLE_OBJC_ARC = YES;
				CLANG_WARN_BOOL_CONVERSION = YES;
				CLANG_WARN_CONSTANT_CONVERSION = YES;
				CLANG_WARN_DIRECT_OBJC_ISA_USAGE = YES_ERROR;
				CLANG_WARN_EMPTY_BODY = YES;
				CLANG_WARN_ENUM_CONVERSION = YES;
				CLANG_WARN_INT_CONVERSION = YES;
				CLANG_WARN_OBJC_ROOT_CLASS = YES_ERROR;
				CLANG_WARN__DUPLICATE_METHOD_MATCH = YES;
				"CODE_SIGN_IDENTITY[sdk=iphoneos*]" = "iPhone Developer";
				COPY_PHASE_STRIP = YES;
				ENABLE_NS_ASSERTIONS = NO;
				GCC_C_LANGUAGE_STANDARD = gnu99;
				GCC_WARN_64_TO_32_BIT_CONVERSION = YES;
				GCC_WARN_ABOUT_RETURN_TYPE = YES_ERROR;
				GCC_WARN_UNDECLARED_SELECTOR = YES;
				GCC_WARN_UNINITIALIZED_AUTOS = YES_AGGRESSIVE;
				GCC_WARN_UNUSED_FUNCTION = YES;
				GCC_WARN_UNUSED_VARIABLE = YES;
				IPHONEOS_DEPLOYMENT_TARGET = 7.1;
				SDKROOT = iphoneos;
				VALIDATE_PRODUCT = YES;
			};
			name = Release;
		};
		B12F03FE19995BB10071975B /* Debug */ = {
			isa = XCBuildConfiguration;
			buildSettings = {
				ASSETCATALOG_COMPILER_APPICON_NAME = AppIcon;
				ASSETCATALOG_COMPILER_LAUNCHIMAGE_NAME = LaunchImage;
				GCC_PRECOMPILE_PREFIX_HEADER = YES;
				GCC_PREFIX_HEADER = "FavoritePhotos/FavoritePhotos-Prefix.pch";
				INFOPLIST_FILE = "FavoritePhotos/FavoritePhotos-Info.plist";
				PRODUCT_NAME = "$(TARGET_NAME)";
				WRAPPER_EXTENSION = app;
			};
			name = Debug;
		};
		B12F03FF19995BB10071975B /* Release */ = {
			isa = XCBuildConfiguration;
			buildSettings = {
				ASSETCATALOG_COMPILER_APPICON_NAME = AppIcon;
				ASSETCATALOG_COMPILER_LAUNCHIMAGE_NAME = LaunchImage;
				GCC_PRECOMPILE_PREFIX_HEADER = YES;
				GCC_PREFIX_HEADER = "FavoritePhotos/FavoritePhotos-Prefix.pch";
				INFOPLIST_FILE = "FavoritePhotos/FavoritePhotos-Info.plist";
				PRODUCT_NAME = "$(TARGET_NAME)";
				WRAPPER_EXTENSION = app;
			};
			name = Release;
		};
		B12F040119995BB10071975B /* Debug */ = {
			isa = XCBuildConfiguration;
			buildSettings = {
				BUNDLE_LOADER = "$(BUILT_PRODUCTS_DIR)/FavoritePhotos.app/FavoritePhotos";
				FRAMEWORK_SEARCH_PATHS = (
					"$(SDKROOT)/Developer/Library/Frameworks",
					"$(inherited)",
					"$(DEVELOPER_FRAMEWORKS_DIR)",
				);
				GCC_PRECOMPILE_PREFIX_HEADER = YES;
				GCC_PREFIX_HEADER = "FavoritePhotos/FavoritePhotos-Prefix.pch";
				GCC_PREPROCESSOR_DEFINITIONS = (
					"DEBUG=1",
					"$(inherited)",
				);
				INFOPLIST_FILE = "FavoritePhotosTests/FavoritePhotosTests-Info.plist";
				PRODUCT_NAME = "$(TARGET_NAME)";
				TEST_HOST = "$(BUNDLE_LOADER)";
				WRAPPER_EXTENSION = xctest;
			};
			name = Debug;
		};
		B12F040219995BB10071975B /* Release */ = {
			isa = XCBuildConfiguration;
			buildSettings = {
				BUNDLE_LOADER = "$(BUILT_PRODUCTS_DIR)/FavoritePhotos.app/FavoritePhotos";
				FRAMEWORK_SEARCH_PATHS = (
					"$(SDKROOT)/Developer/Library/Frameworks",
					"$(inherited)",
					"$(DEVELOPER_FRAMEWORKS_DIR)",
				);
				GCC_PRECOMPILE_PREFIX_HEADER = YES;
				GCC_PREFIX_HEADER = "FavoritePhotos/FavoritePhotos-Prefix.pch";
				INFOPLIST_FILE = "FavoritePhotosTests/FavoritePhotosTests-Info.plist";
				PRODUCT_NAME = "$(TARGET_NAME)";
				TEST_HOST = "$(BUNDLE_LOADER)";
				WRAPPER_EXTENSION = xctest;
			};
			name = Release;
		};
/* End XCBuildConfiguration section */

/* Begin XCConfigurationList section */
		B12F03C619995BB10071975B /* Build configuration list for PBXProject "FavoritePhotos" */ = {
			isa = XCConfigurationList;
			buildConfigurations = (
				B12F03FB19995BB10071975B /* Debug */,
				B12F03FC19995BB10071975B /* Release */,
			);
			defaultConfigurationIsVisible = 0;
			defaultConfigurationName = Release;
		};
		B12F03FD19995BB10071975B /* Build configuration list for PBXNativeTarget "FavoritePhotos" */ = {
			isa = XCConfigurationList;
			buildConfigurations = (
				B12F03FE19995BB10071975B /* Debug */,
				B12F03FF19995BB10071975B /* Release */,
			);
			defaultConfigurationIsVisible = 0;
			defaultConfigurationName = Release;
		};
		B12F040019995BB10071975B /* Build configuration list for PBXNativeTarget "FavoritePhotosTests" */ = {
			isa = XCConfigurationList;
			buildConfigurations = (
				B12F040119995BB10071975B /* Debug */,
				B12F040219995BB10071975B /* Release */,
			);
			defaultConfigurationIsVisible = 0;
			defaultConfigurationName = Release;
		};
/* End XCConfigurationList section */
	};
	rootObject = B12F03C319995BB10071975B /* Project object */;
}
